
Microsoft Visual Studio Solution File, Format Version 12.00
# Visual Studio Version 16
VisualStudioVersion = 16.0.30114.105
MinimumVisualStudioVersion = 10.0.40219.1
Project("{FAE04EC0-301F-11D3-BF4B-00C04F79EFBC}") = "edsd", "edsd.csproj", "{A621FB6E-847C-40C6-8532-E4C867D8DE12}"
EndProject
Global
	GlobalSection(SolutionConfigurationPlatforms) = preSolution
		Debug|Any CPU = Debug|Any CPU
		Release|Any CPU = Release|Any CPU
	EndGlobalSection
	GlobalSection(ProjectConfigurationPlatforms) = postSolution
		{A621FB6E-847C-40C6-8532-E4C867D8DE12}.Debug|Any CPU.ActiveCfg = Debug|Any CPU
		{A621FB6E-847C-40C6-8532-E4C867D8DE12}.Debug|Any CPU.Build.0 = Debug|Any CPU
		{A621FB6E-847C-40C6-8532-E4C867D8DE12}.Release|Any CPU.ActiveCfg = Release|Any CPU
		{A621FB6E-847C-40C6-8532-E4C867D8DE12}.Release|Any CPU.Build.0 = Release|Any CPU
	EndGlobalSection
	GlobalSection(SolutionProperties) = preSolution
		HideSolutionNode = FALSE
	EndGlobalSection
	GlobalSection(ExtensibilityGlobals) = postSolution
		SolutionGuid = {2C111B8D-8A86-4E86-A997-206F5EF0580D}
	EndGlobalSection
EndGlobal
